// !$*UTF8*$!
{
	archiveVersion = 1;
	classes = {
	};
	objectVersion = 56;
	objects = {

/* Begin PBXBuildFile section */
		A0010070 /* CollectionActivity.swift in Sources */ = {isa = PBXBuildFile; fileRef = B0010070 /* CollectionActivity.swift */; };
		A0010071 /* CollectionActivityLogView.swift in Sources */ = {isa = PBXBuildFile; fileRef = B0010071 /* CollectionActivityLogView.swift */; };
		A0020032 /* ImportedItemKindTests.swift in Sources */ = {isa = PBXBuildFile; fileRef = B0020032 /* ImportedItemKindTests.swift */; };
		A0020031 /* MagicPhysicalObjectTests.swift in Sources */ = {isa = PBXBuildFile; fileRef = B0020031 /* MagicPhysicalObjectTests.swift */; };
		A0010069 /* MagicPhysicalObjects.swift in Sources */ = {isa = PBXBuildFile; fileRef = B0010069 /* MagicPhysicalObjects.swift */; };
		A0020030 /* MagicContentKindTests.swift in Sources */ = {isa = PBXBuildFile; fileRef = B0020030 /* MagicContentKindTests.swift */; };
		A0010068 /* MagicContentKind.swift in Sources */ = {isa = PBXBuildFile; fileRef = B0010068 /* MagicContentKind.swift */; };
		A0020029 /* CollectionItemKindTests.swift in Sources */ = {isa = PBXBuildFile; fileRef = B0020029 /* CollectionItemKindTests.swift */; };
		A0010067 /* GradedVariantPickerView.swift in Sources */ = {isa = PBXBuildFile; fileRef = B0010067 /* GradedVariantPickerView.swift */; };
		A0010066 /* SealedBrowseViews.swift in Sources */ = {isa = PBXBuildFile; fileRef = B0010066 /* SealedBrowseViews.swift */; };
		A0020028 /* JustTCGContractTests.swift in Sources */ = {isa = PBXBuildFile; fileRef = B0020028 /* JustTCGContractTests.swift */; };
		A0010065 /* JustTCGRefreshCoordinator.swift in Sources */ = {isa = PBXBuildFile; fileRef = B0010065 /* JustTCGRefreshCoordinator.swift */; };
		A0010064 /* JustTCGV2GradedClient.swift in Sources */ = {isa = PBXBuildFile; fileRef = B0010064 /* JustTCGV2GradedClient.swift */; };
		A0010063 /* JustTCGV1Client.swift in Sources */ = {isa = PBXBuildFile; fileRef = B0010063 /* JustTCGV1Client.swift */; };
		A0010062 /* JustTCGSyncLedger.swift in Sources */ = {isa = PBXBuildFile; fileRef = B0010062 /* JustTCGSyncLedger.swift */; };
		A0010061 /* JustTCGTransport.swift in Sources */ = {isa = PBXBuildFile; fileRef = B0010061 /* JustTCGTransport.swift */; };
		A0010060 /* JustTCGMarketModels.swift in Sources */ = {isa = PBXBuildFile; fileRef = B0010060 /* JustTCGMarketModels.swift */; };
		A0010059 /* CollectionItemKind.swift in Sources */ = {isa = PBXBuildFile; fileRef = B0010059 /* CollectionItemKind.swift */; };
		A0020027 /* ProductFallbackTests.swift in Sources */ = {isa = PBXBuildFile; fileRef = B0020027 /* ProductFallbackTests.swift */; };
		A0010058 /* ProductIdentityStore.swift in Sources */ = {isa = PBXBuildFile; fileRef = B0010058 /* ProductIdentityStore.swift */; };
		A0010057 /* ProductPriceService.swift in Sources */ = {isa = PBXBuildFile; fileRef = B0010057 /* ProductPriceService.swift */; };
		A0020026 /* ProductCatalogIdentityTests.swift in Sources */ = {isa = PBXBuildFile; fileRef = B0020026 /* ProductCatalogIdentityTests.swift */; };
		A0010056 /* ProductCatalogIdentity.swift in Sources */ = {isa = PBXBuildFile; fileRef = B0010056 /* ProductCatalogIdentity.swift */; };
		A0020025 /* ProductIdentityTests.swift in Sources */ = {isa = PBXBuildFile; fileRef = B0020025 /* ProductIdentityTests.swift */; };
		A0010055 /* ProductIdentity.swift in Sources */ = {isa = PBXBuildFile; fileRef = B0010055 /* ProductIdentity.swift */; };
		A0010054 /* PriceVendorCredentials.swift in Sources */ = {isa = PBXBuildFile; fileRef = B0010054 /* PriceVendorCredentials.swift */; };
		A0010001 /* TradingCardScannerApp.swift in Sources */ = {isa = PBXBuildFile; fileRef = B0010001 /* TradingCardScannerApp.swift */; };
		A0010002 /* CollectedCard.swift in Sources */ = {isa = PBXBuildFile; fileRef = B0010002 /* CollectedCard.swift */; };
		A0010003 /* TCGdexCard.swift in Sources */ = {isa = PBXBuildFile; fileRef = B0010003 /* TCGdexCard.swift */; };
		A0010004 /* SetCodeMap.swift in Sources */ = {isa = PBXBuildFile; fileRef = B0010004 /* SetCodeMap.swift */; };
		A0010005 /* ScanParser.swift in Sources */ = {isa = PBXBuildFile; fileRef = B0010005 /* ScanParser.swift */; };
		A0010006 /* TCGdexService.swift in Sources */ = {isa = PBXBuildFile; fileRef = B0010006 /* TCGdexService.swift */; };
		A0010007 /* CardScanner.swift in Sources */ = {isa = PBXBuildFile; fileRef = B0010007 /* CardScanner.swift */; };
		A0010008 /* CameraPreview.swift in Sources */ = {isa = PBXBuildFile; fileRef = B0010008 /* CameraPreview.swift */; };
		A0010009 /* ScannerViewModel.swift in Sources */ = {isa = PBXBuildFile; fileRef = B0010009 /* ScannerViewModel.swift */; };
		A0010010 /* ScannerView.swift in Sources */ = {isa = PBXBuildFile; fileRef = B0010010 /* ScannerView.swift */; };
		A0010012 /* CollectionView.swift in Sources */ = {isa = PBXBuildFile; fileRef = B0010012 /* CollectionView.swift */; };
		A0010013 /* CollectionCardDetailView.swift in Sources */ = {isa = PBXBuildFile; fileRef = B0010013 /* CollectionCardDetailView.swift */; };
		A0010014 /* ContentView.swift in Sources */ = {isa = PBXBuildFile; fileRef = B0010014 /* ContentView.swift */; };
		A0010015 /* CameraCapabilities.swift in Sources */ = {isa = PBXBuildFile; fileRef = B0010016 /* CameraCapabilities.swift */; };
		A0010016 /* ScannerSettingsView.swift in Sources */ = {isa = PBXBuildFile; fileRef = B0010017 /* ScannerSettingsView.swift */; };
		A0020001 /* ScanParserTests.swift in Sources */ = {isa = PBXBuildFile; fileRef = B0020001 /* ScanParserTests.swift */; };
		A00200F5 /* WholeCardHistoricalCaptureTests.swift in Sources */ = {isa = PBXBuildFile; fileRef = B00200F5 /* WholeCardHistoricalCaptureTests.swift */; };
		A00200F4 /* HistoricalTitleCaptureTests.swift in Sources */ = {isa = PBXBuildFile; fileRef = B00200F4 /* HistoricalTitleCaptureTests.swift */; };
		A00200F3 /* BoundedCacheTests.swift in Sources */ = {isa = PBXBuildFile; fileRef = B00200F3 /* BoundedCacheTests.swift */; };
		A00200F2 /* PortfolioNameCleaningTests.swift in Sources */ = {isa = PBXBuildFile; fileRef = B00200F2 /* PortfolioNameCleaningTests.swift */; };
		A00200F1 /* HistoricalCatalogRequestTests.swift in Sources */ = {isa = PBXBuildFile; fileRef = B00200F1 /* HistoricalCatalogRequestTests.swift */; };
		A0020004 /* XCTest.framework in Frameworks */ = {isa = PBXBuildFile; fileRef = B0020002 /* XCTest.framework */; };
		A0010020 /* CardVariant.swift in Sources */ = {isa = PBXBuildFile; fileRef = B0010020 /* CardVariant.swift */; };
		A0010021 /* VariantResolver.swift in Sources */ = {isa = PBXBuildFile; fileRef = B0010021 /* VariantResolver.swift */; };
		A0010022 /* CardCatalog.swift in Sources */ = {isa = PBXBuildFile; fileRef = B0010022 /* CardCatalog.swift */; };
		A0010023 /* CardLatch.swift in Sources */ = {isa = PBXBuildFile; fileRef = B0010023 /* CardLatch.swift */; };
		A0010024 /* CollectionStore.swift in Sources */ = {isa = PBXBuildFile; fileRef = B0010024 /* CollectionStore.swift */; };
		A0010025 /* ScanFeedback.swift in Sources */ = {isa = PBXBuildFile; fileRef = B0010025 /* ScanFeedback.swift */; };
		A0010026 /* ScanSessionOverlays.swift in Sources */ = {isa = PBXBuildFile; fileRef = B0010026 /* ScanSessionOverlays.swift */; };
		A0010027 /* ScanReviewSheet.swift in Sources */ = {isa = PBXBuildFile; fileRef = B0010027 /* ScanReviewSheet.swift */; };
		A0020010 /* CardLatchTests.swift in Sources */ = {isa = PBXBuildFile; fileRef = B0020010 /* CardLatchTests.swift */; };
		A0020011 /* VariantResolverTests.swift in Sources */ = {isa = PBXBuildFile; fileRef = B0020011 /* VariantResolverTests.swift */; };
		A0020012 /* CollectionKeyTests.swift in Sources */ = {isa = PBXBuildFile; fileRef = B0020012 /* CollectionKeyTests.swift */; };
		A0010030 /* PriceRecord.swift in Sources */ = {isa = PBXBuildFile; fileRef = B0010030 /* PriceRecord.swift */; };
		A0010031 /* PriceProvider.swift in Sources */ = {isa = PBXBuildFile; fileRef = B0010031 /* PriceProvider.swift */; };
		A0010032 /* PriceStore.swift in Sources */ = {isa = PBXBuildFile; fileRef = B0010032 /* PriceStore.swift */; };
		A0010033 /* PriceRefreshController.swift in Sources */ = {isa = PBXBuildFile; fileRef = B0010033 /* PriceRefreshController.swift */; };
		A0010034 /* CollectionQuery.swift in Sources */ = {isa = PBXBuildFile; fileRef = B0010034 /* CollectionQuery.swift */; };
		A0010087 /* PortfolioEpoch.swift in Sources */ = {isa = PBXBuildFile; fileRef = B0010087 /* PortfolioEpoch.swift */; };
		A0010088 /* PortfolioClose.swift in Sources */ = {isa = PBXBuildFile; fileRef = B0010088 /* PortfolioClose.swift */; };
		A0010089 /* PortfolioEngine.swift in Sources */ = {isa = PBXBuildFile; fileRef = B0010089 /* PortfolioEngine.swift */; };
		A001008A /* PortfolioDailyClose.swift in Sources */ = {isa = PBXBuildFile; fileRef = B001008A /* PortfolioDailyClose.swift */; };
		A0010085 /* InventoryEvent.swift in Sources */ = {isa = PBXBuildFile; fileRef = B0010085 /* InventoryEvent.swift */; };
		A0010086 /* InventoryLedger.swift in Sources */ = {isa = PBXBuildFile; fileRef = B0010086 /* InventoryLedger.swift */; };
		A0010080 /* Money.swift in Sources */ = {isa = PBXBuildFile; fileRef = B0010080 /* Money.swift */; };
		A0010081 /* PriceObservation.swift in Sources */ = {isa = PBXBuildFile; fileRef = B0010081 /* PriceObservation.swift */; };
		A0010082 /* PriceCheckDay.swift in Sources */ = {isa = PBXBuildFile; fileRef = B0010082 /* PriceCheckDay.swift */; };
		A0010083 /* PortfolioCalendar.swift in Sources */ = {isa = PBXBuildFile; fileRef = B0010083 /* PortfolioCalendar.swift */; };
		A0010084 /* PriceObservationLog.swift in Sources */ = {isa = PBXBuildFile; fileRef = B0010084 /* PriceObservationLog.swift */; };
		A0020040 /* PortfolioLedgerTests.swift in Sources */ = {isa = PBXBuildFile; fileRef = B0020040 /* PortfolioLedgerTests.swift */; };
		A0010035 /* CollectionFilters.swift in Sources */ = {isa = PBXBuildFile; fileRef = B0010035 /* CollectionFilters.swift */; };
		A0020020 /* CollectionQueryTests.swift in Sources */ = {isa = PBXBuildFile; fileRef = B0020020 /* CollectionQueryTests.swift */; };
		A0020041 /* PortfolioCloseTests.swift in Sources */ = {isa = PBXBuildFile; fileRef = B0020041 /* PortfolioCloseTests.swift */; };
		A0020021 /* PricingTests.swift in Sources */ = {isa = PBXBuildFile; fileRef = B0020021 /* PricingTests.swift */; };
		A0020022 /* CenteringExportTests.swift in Sources */ = {isa = PBXBuildFile; fileRef = B0020022 /* CenteringExportTests.swift */; };
		A0020023 /* CatalogNormalizationTests.swift in Sources */ = {isa = PBXBuildFile; fileRef = B0020023 /* CatalogNormalizationTests.swift */; };
		A0020024 /* BrowseFeatureTests.swift in Sources */ = {isa = PBXBuildFile; fileRef = B0020024 /* BrowseFeatureTests.swift */; };
		A0010040 /* MagicSetSnapshot.swift in Sources */ = {isa = PBXBuildFile; fileRef = B0010040 /* MagicSetSnapshot.swift */; };
		A0010041 /* CardCenteringMeasurement.swift in Sources */ = {isa = PBXBuildFile; fileRef = B0010041 /* CardCenteringMeasurement.swift */; };
		A0010042 /* CardCenteringAnalyzer.swift in Sources */ = {isa = PBXBuildFile; fileRef = B0010042 /* CardCenteringAnalyzer.swift */; };
		A0010043 /* CardCenteringView.swift in Sources */ = {isa = PBXBuildFile; fileRef = B0010043 /* CardCenteringView.swift */; };
		A0010044 /* CenteringCameraView.swift in Sources */ = {isa = PBXBuildFile; fileRef = B0010044 /* CenteringCameraView.swift */; };
		A0010045 /* Assets.xcassets in Resources */ = {isa = PBXBuildFile; fileRef = B0010045 /* Assets.xcassets */; };
		A0010046 /* CollectionCSV.swift in Sources */ = {isa = PBXBuildFile; fileRef = B0010046 /* CollectionCSV.swift */; };
		A0010047 /* CollectionCatalogNormalizer.swift in Sources */ = {isa = PBXBuildFile; fileRef = B0010047 /* CollectionCatalogNormalizer.swift */; };
		A0010048 /* CardCenteringExport.swift in Sources */ = {isa = PBXBuildFile; fileRef = B0010048 /* CardCenteringExport.swift */; };
		A0010050 /* BrowseCatalogModels.swift in Sources */ = {isa = PBXBuildFile; fileRef = B0010050 /* BrowseCatalogModels.swift */; };
		A0010051 /* BrowseCatalog.swift in Sources */ = {isa = PBXBuildFile; fileRef = B0010051 /* BrowseCatalog.swift */; };
		A0010052 /* BrowseView.swift in Sources */ = {isa = PBXBuildFile; fileRef = B0010052 /* BrowseView.swift */; };
		A0010053 /* CatalogCardDetailView.swift in Sources */ = {isa = PBXBuildFile; fileRef = B0010053 /* CatalogCardDetailView.swift */; };
		A0010072 /* PrivacyInfo.xcprivacy in Resources */ = {isa = PBXBuildFile; fileRef = B0010072 /* PrivacyInfo.xcprivacy */; };
		A0010074 /* AppleAccountCredentials.swift in Sources */ = {isa = PBXBuildFile; fileRef = B0010074 /* AppleAccountCredentials.swift */; };
/* End PBXBuildFile section */

/* Begin PBXContainerItemProxy section */
		G0020001 /* PBXContainerItemProxy */ = {
			isa = PBXContainerItemProxy;
			containerPortal = E0010000 /* Project object */;
			proxyType = 1;
			remoteGlobalIDString = E0010001;
			remoteInfo = TradingCardScanner;
		};
/* End PBXContainerItemProxy section */

/* Begin PBXFileReference section */
		B0010070 /* CollectionActivity.swift */ = {isa = PBXFileReference; lastKnownFileType = sourcecode.swift; path = CollectionActivity.swift; sourceTree = "<group>"; };
		B0010071 /* CollectionActivityLogView.swift */ = {isa = PBXFileReference; lastKnownFileType = sourcecode.swift; path = CollectionActivityLogView.swift; sourceTree = "<group>"; };
		B0020032 /* ImportedItemKindTests.swift */ = {isa = PBXFileReference; lastKnownFileType = sourcecode.swift; path = ImportedItemKindTests.swift; sourceTree = "<group>"; };
		B0020031 /* MagicPhysicalObjectTests.swift */ = {isa = PBXFileReference; lastKnownFileType = sourcecode.swift; path = MagicPhysicalObjectTests.swift; sourceTree = "<group>"; };
		B0010069 /* MagicPhysicalObjects.swift */ = {isa = PBXFileReference; lastKnownFileType = sourcecode.swift; path = MagicPhysicalObjects.swift; sourceTree = "<group>"; };
		B0020030 /* MagicContentKindTests.swift */ = {isa = PBXFileReference; lastKnownFileType = sourcecode.swift; path = MagicContentKindTests.swift; sourceTree = "<group>"; };
		B0010068 /* MagicContentKind.swift */ = {isa = PBXFileReference; lastKnownFileType = sourcecode.swift; path = MagicContentKind.swift; sourceTree = "<group>"; };
		B0020029 /* CollectionItemKindTests.swift */ = {isa = PBXFileReference; lastKnownFileType = sourcecode.swift; path = CollectionItemKindTests.swift; sourceTree = "<group>"; };
		B0010067 /* GradedVariantPickerView.swift */ = {isa = PBXFileReference; lastKnownFileType = sourcecode.swift; path = GradedVariantPickerView.swift; sourceTree = "<group>"; };
		B0010066 /* SealedBrowseViews.swift */ = {isa = PBXFileReference; lastKnownFileType = sourcecode.swift; path = SealedBrowseViews.swift; sourceTree = "<group>"; };
		B0020028 /* JustTCGContractTests.swift */ = {isa = PBXFileReference; lastKnownFileType = sourcecode.swift; path = JustTCGContractTests.swift; sourceTree = "<group>"; };
		B0010065 /* JustTCGRefreshCoordinator.swift */ = {isa = PBXFileReference; lastKnownFileType = sourcecode.swift; path = JustTCGRefreshCoordinator.swift; sourceTree = "<group>"; };
		B0010064 /* JustTCGV2GradedClient.swift */ = {isa = PBXFileReference; lastKnownFileType = sourcecode.swift; path = JustTCGV2GradedClient.swift; sourceTree = "<group>"; };
		B0010063 /* JustTCGV1Client.swift */ = {isa = PBXFileReference; lastKnownFileType = sourcecode.swift; path = JustTCGV1Client.swift; sourceTree = "<group>"; };
		B0010062 /* JustTCGSyncLedger.swift */ = {isa = PBXFileReference; lastKnownFileType = sourcecode.swift; path = JustTCGSyncLedger.swift; sourceTree = "<group>"; };
		B0010061 /* JustTCGTransport.swift */ = {isa = PBXFileReference; lastKnownFileType = sourcecode.swift; path = JustTCGTransport.swift; sourceTree = "<group>"; };
		B0010060 /* JustTCGMarketModels.swift */ = {isa = PBXFileReference; lastKnownFileType = sourcecode.swift; path = JustTCGMarketModels.swift; sourceTree = "<group>"; };
		B0010059 /* CollectionItemKind.swift */ = {isa = PBXFileReference; lastKnownFileType = sourcecode.swift; path = CollectionItemKind.swift; sourceTree = "<group>"; };
		B0020027 /* ProductFallbackTests.swift */ = {isa = PBXFileReference; lastKnownFileType = sourcecode.swift; path = ProductFallbackTests.swift; sourceTree = "<group>"; };
		B0010058 /* ProductIdentityStore.swift */ = {isa = PBXFileReference; lastKnownFileType = sourcecode.swift; path = ProductIdentityStore.swift; sourceTree = "<group>"; };
		B0010057 /* ProductPriceService.swift */ = {isa = PBXFileReference; lastKnownFileType = sourcecode.swift; path = ProductPriceService.swift; sourceTree = "<group>"; };
		B0020026 /* ProductCatalogIdentityTests.swift */ = {isa = PBXFileReference; lastKnownFileType = sourcecode.swift; path = ProductCatalogIdentityTests.swift; sourceTree = "<group>"; };
		B0010056 /* ProductCatalogIdentity.swift */ = {isa = PBXFileReference; lastKnownFileType = sourcecode.swift; path = ProductCatalogIdentity.swift; sourceTree = "<group>"; };
		B0020025 /* ProductIdentityTests.swift */ = {isa = PBXFileReference; lastKnownFileType = sourcecode.swift; path = ProductIdentityTests.swift; sourceTree = "<group>"; };
		B0010055 /* ProductIdentity.swift */ = {isa = PBXFileReference; lastKnownFileType = sourcecode.swift; path = ProductIdentity.swift; sourceTree = "<group>"; };
		B0010054 /* PriceVendorCredentials.swift */ = {isa = PBXFileReference; lastKnownFileType = sourcecode.swift; path = PriceVendorCredentials.swift; sourceTree = "<group>"; };
		B0010001 /* TradingCardScannerApp.swift */ = {isa = PBXFileReference; lastKnownFileType = sourcecode.swift; path = TradingCardScannerApp.swift; sourceTree = "<group>"; };
		B0010002 /* CollectedCard.swift */ = {isa = PBXFileReference; lastKnownFileType = sourcecode.swift; path = CollectedCard.swift; sourceTree = "<group>"; };
		B0010003 /* TCGdexCard.swift */ = {isa = PBXFileReference; lastKnownFileType = sourcecode.swift; path = TCGdexCard.swift; sourceTree = "<group>"; };
		B0010004 /* SetCodeMap.swift */ = {isa = PBXFileReference; lastKnownFileType = sourcecode.swift; path = SetCodeMap.swift; sourceTree = "<group>"; };
		B0010005 /* ScanParser.swift */ = {isa = PBXFileReference; lastKnownFileType = sourcecode.swift; path = ScanParser.swift; sourceTree = "<group>"; };
		B0010006 /* TCGdexService.swift */ = {isa = PBXFileReference; lastKnownFileType = sourcecode.swift; path = TCGdexService.swift; sourceTree = "<group>"; };
		B0010007 /* CardScanner.swift */ = {isa = PBXFileReference; lastKnownFileType = sourcecode.swift; path = CardScanner.swift; sourceTree = "<group>"; };
		B0010008 /* CameraPreview.swift */ = {isa = PBXFileReference; lastKnownFileType = sourcecode.swift; path = CameraPreview.swift; sourceTree = "<group>"; };
		B0010009 /* ScannerViewModel.swift */ = {isa = PBXFileReference; lastKnownFileType = sourcecode.swift; path = ScannerViewModel.swift; sourceTree = "<group>"; };
		B0010010 /* ScannerView.swift */ = {isa = PBXFileReference; lastKnownFileType = sourcecode.swift; path = ScannerView.swift; sourceTree = "<group>"; };
		B0010012 /* CollectionView.swift */ = {isa = PBXFileReference; lastKnownFileType = sourcecode.swift; path = CollectionView.swift; sourceTree = "<group>"; };
		B0010013 /* CollectionCardDetailView.swift */ = {isa = PBXFileReference; lastKnownFileType = sourcecode.swift; path = CollectionCardDetailView.swift; sourceTree = "<group>"; };
		B0010014 /* ContentView.swift */ = {isa = PBXFileReference; lastKnownFileType = sourcecode.swift; path = ContentView.swift; sourceTree = "<group>"; };
		B0010016 /* CameraCapabilities.swift */ = {isa = PBXFileReference; lastKnownFileType = sourcecode.swift; path = CameraCapabilities.swift; sourceTree = "<group>"; };
		B0010017 /* ScannerSettingsView.swift */ = {isa = PBXFileReference; lastKnownFileType = sourcecode.swift; path = ScannerSettingsView.swift; sourceTree = "<group>"; };
		B0010015 /* Info.plist */ = {isa = PBXFileReference; lastKnownFileType = text.plist.xml; path = Info.plist; sourceTree = "<group>"; };
		B0010099 /* TradingCardScanner.app */ = {isa = PBXFileReference; explicitFileType = wrapper.application; includeInIndex = 0; path = TradingCardScanner.app; sourceTree = BUILT_PRODUCTS_DIR; };
		B0020001 /* ScanParserTests.swift */ = {isa = PBXFileReference; lastKnownFileType = sourcecode.swift; path = ScanParserTests.swift; sourceTree = "<group>"; };
		B00200F5 /* WholeCardHistoricalCaptureTests.swift */ = {isa = PBXFileReference; lastKnownFileType = sourcecode.swift; path = WholeCardHistoricalCaptureTests.swift; sourceTree = "<group>"; };
		B00200F4 /* HistoricalTitleCaptureTests.swift */ = {isa = PBXFileReference; lastKnownFileType = sourcecode.swift; path = HistoricalTitleCaptureTests.swift; sourceTree = "<group>"; };
		B00200F3 /* BoundedCacheTests.swift */ = {isa = PBXFileReference; lastKnownFileType = sourcecode.swift; path = BoundedCacheTests.swift; sourceTree = "<group>"; };
		B00200F2 /* PortfolioNameCleaningTests.swift */ = {isa = PBXFileReference; lastKnownFileType = sourcecode.swift; path = PortfolioNameCleaningTests.swift; sourceTree = "<group>"; };
		B00200F1 /* HistoricalCatalogRequestTests.swift */ = {isa = PBXFileReference; lastKnownFileType = sourcecode.swift; path = HistoricalCatalogRequestTests.swift; sourceTree = "<group>"; };
		B0020002 /* XCTest.framework */ = {isa = PBXFileReference; lastKnownFileType = wrapper.framework; name = XCTest.framework; path = System/Library/Frameworks/XCTest.framework; sourceTree = SDKROOT; };
		B0020099 /* TradingCardScannerTests.xctest */ = {isa = PBXFileReference; explicitFileType = wrapper.cfbundle; includeInIndex = 0; path = TradingCardScannerTests.xctest; sourceTree = BUILT_PRODUCTS_DIR; };
		B0010020 /* CardVariant.swift */ = {isa = PBXFileReference; lastKnownFileType = sourcecode.swift; path = CardVariant.swift; sourceTree = "<group>"; };
		B0010021 /* VariantResolver.swift */ = {isa = PBXFileReference; lastKnownFileType = sourcecode.swift; path = VariantResolver.swift; sourceTree = "<group>"; };
		B0010022 /* CardCatalog.swift */ = {isa = PBXFileReference; lastKnownFileType = sourcecode.swift; path = CardCatalog.swift; sourceTree = "<group>"; };
		B0010023 /* CardLatch.swift */ = {isa = PBXFileReference; lastKnownFileType = sourcecode.swift; path = CardLatch.swift; sourceTree = "<group>"; };
		B0010024 /* CollectionStore.swift */ = {isa = PBXFileReference; lastKnownFileType = sourcecode.swift; path = CollectionStore.swift; sourceTree = "<group>"; };
		B0010025 /* ScanFeedback.swift */ = {isa = PBXFileReference; lastKnownFileType = sourcecode.swift; path = ScanFeedback.swift; sourceTree = "<group>"; };
		B0010026 /* ScanSessionOverlays.swift */ = {isa = PBXFileReference; lastKnownFileType = sourcecode.swift; path = ScanSessionOverlays.swift; sourceTree = "<group>"; };
		B0010027 /* ScanReviewSheet.swift */ = {isa = PBXFileReference; lastKnownFileType = sourcecode.swift; path = ScanReviewSheet.swift; sourceTree = "<group>"; };
		B0020010 /* CardLatchTests.swift */ = {isa = PBXFileReference; lastKnownFileType = sourcecode.swift; path = CardLatchTests.swift; sourceTree = "<group>"; };
		B0020011 /* VariantResolverTests.swift */ = {isa = PBXFileReference; lastKnownFileType = sourcecode.swift; path = VariantResolverTests.swift; sourceTree = "<group>"; };
		B0020012 /* CollectionKeyTests.swift */ = {isa = PBXFileReference; lastKnownFileType = sourcecode.swift; path = CollectionKeyTests.swift; sourceTree = "<group>"; };
		B0010030 /* PriceRecord.swift */ = {isa = PBXFileReference; lastKnownFileType = sourcecode.swift; path = PriceRecord.swift; sourceTree = "<group>"; };
		B0010031 /* PriceProvider.swift */ = {isa = PBXFileReference; lastKnownFileType = sourcecode.swift; path = PriceProvider.swift; sourceTree = "<group>"; };
		B0010032 /* PriceStore.swift */ = {isa = PBXFileReference; lastKnownFileType = sourcecode.swift; path = PriceStore.swift; sourceTree = "<group>"; };
		B0010033 /* PriceRefreshController.swift */ = {isa = PBXFileReference; lastKnownFileType = sourcecode.swift; path = PriceRefreshController.swift; sourceTree = "<group>"; };
		B0010034 /* CollectionQuery.swift */ = {isa = PBXFileReference; lastKnownFileType = sourcecode.swift; path = CollectionQuery.swift; sourceTree = "<group>"; };
		B0010087 /* PortfolioEpoch.swift */ = {isa = PBXFileReference; lastKnownFileType = sourcecode.swift; path = PortfolioEpoch.swift; sourceTree = "<group>"; };
		B0010088 /* PortfolioClose.swift */ = {isa = PBXFileReference; lastKnownFileType = sourcecode.swift; path = PortfolioClose.swift; sourceTree = "<group>"; };
		B0010089 /* PortfolioEngine.swift */ = {isa = PBXFileReference; lastKnownFileType = sourcecode.swift; path = PortfolioEngine.swift; sourceTree = "<group>"; };
		B001008A /* PortfolioDailyClose.swift */ = {isa = PBXFileReference; lastKnownFileType = sourcecode.swift; path = PortfolioDailyClose.swift; sourceTree = "<group>"; };
		B0010085 /* InventoryEvent.swift */ = {isa = PBXFileReference; lastKnownFileType = sourcecode.swift; path = InventoryEvent.swift; sourceTree = "<group>"; };
		B0010086 /* InventoryLedger.swift */ = {isa = PBXFileReference; lastKnownFileType = sourcecode.swift; path = InventoryLedger.swift; sourceTree = "<group>"; };
		B0010080 /* Money.swift */ = {isa = PBXFileReference; lastKnownFileType = sourcecode.swift; path = Money.swift; sourceTree = "<group>"; };
		B0010081 /* PriceObservation.swift */ = {isa = PBXFileReference; lastKnownFileType = sourcecode.swift; path = PriceObservation.swift; sourceTree = "<group>"; };
		B0010082 /* PriceCheckDay.swift */ = {isa = PBXFileReference; lastKnownFileType = sourcecode.swift; path = PriceCheckDay.swift; sourceTree = "<group>"; };
		B0010083 /* PortfolioCalendar.swift */ = {isa = PBXFileReference; lastKnownFileType = sourcecode.swift; path = PortfolioCalendar.swift; sourceTree = "<group>"; };
		B0010084 /* PriceObservationLog.swift */ = {isa = PBXFileReference; lastKnownFileType = sourcecode.swift; path = PriceObservationLog.swift; sourceTree = "<group>"; };
		B0020040 /* PortfolioLedgerTests.swift */ = {isa = PBXFileReference; lastKnownFileType = sourcecode.swift; path = PortfolioLedgerTests.swift; sourceTree = "<group>"; };
		B0010035 /* CollectionFilters.swift */ = {isa = PBXFileReference; lastKnownFileType = sourcecode.swift; path = CollectionFilters.swift; sourceTree = "<group>"; };
		B0020020 /* CollectionQueryTests.swift */ = {isa = PBXFileReference; lastKnownFileType = sourcecode.swift; path = CollectionQueryTests.swift; sourceTree = "<group>"; };
		B0020041 /* PortfolioCloseTests.swift */ = {isa = PBXFileReference; lastKnownFileType = sourcecode.swift; path = PortfolioCloseTests.swift; sourceTree = "<group>"; };
		B0020021 /* PricingTests.swift */ = {isa = PBXFileReference; lastKnownFileType = sourcecode.swift; path = PricingTests.swift; sourceTree = "<group>"; };
		B0020022 /* CenteringExportTests.swift */ = {isa = PBXFileReference; lastKnownFileType = sourcecode.swift; path = CenteringExportTests.swift; sourceTree = "<group>"; };
		B0020023 /* CatalogNormalizationTests.swift */ = {isa = PBXFileReference; lastKnownFileType = sourcecode.swift; path = CatalogNormalizationTests.swift; sourceTree = "<group>"; };
		B0020024 /* BrowseFeatureTests.swift */ = {isa = PBXFileReference; lastKnownFileType = sourcecode.swift; path = BrowseFeatureTests.swift; sourceTree = "<group>"; };
		B0010040 /* MagicSetSnapshot.swift */ = {isa = PBXFileReference; lastKnownFileType = sourcecode.swift; path = MagicSetSnapshot.swift; sourceTree = "<group>"; };
		B0010041 /* CardCenteringMeasurement.swift */ = {isa = PBXFileReference; lastKnownFileType = sourcecode.swift; path = CardCenteringMeasurement.swift; sourceTree = "<group>"; };
		B0010042 /* CardCenteringAnalyzer.swift */ = {isa = PBXFileReference; lastKnownFileType = sourcecode.swift; path = CardCenteringAnalyzer.swift; sourceTree = "<group>"; };
		B0010043 /* CardCenteringView.swift */ = {isa = PBXFileReference; lastKnownFileType = sourcecode.swift; path = CardCenteringView.swift; sourceTree = "<group>"; };
		B0010044 /* CenteringCameraView.swift */ = {isa = PBXFileReference; lastKnownFileType = sourcecode.swift; path = CenteringCameraView.swift; sourceTree = "<group>"; };
		B0010045 /* Assets.xcassets */ = {isa = PBXFileReference; lastKnownFileType = folder.assetcatalog; path = Assets.xcassets; sourceTree = "<group>"; };
		B0010046 /* CollectionCSV.swift */ = {isa = PBXFileReference; lastKnownFileType = sourcecode.swift; path = CollectionCSV.swift; sourceTree = "<group>"; };
		B0010047 /* CollectionCatalogNormalizer.swift */ = {isa = PBXFileReference; lastKnownFileType = sourcecode.swift; path = CollectionCatalogNormalizer.swift; sourceTree = "<group>"; };
		B0010048 /* CardCenteringExport.swift */ = {isa = PBXFileReference; lastKnownFileType = sourcecode.swift; path = CardCenteringExport.swift; sourceTree = "<group>"; };
		B0010050 /* BrowseCatalogModels.swift */ = {isa = PBXFileReference; lastKnownFileType = sourcecode.swift; path = BrowseCatalogModels.swift; sourceTree = "<group>"; };
		B0010051 /* BrowseCatalog.swift */ = {isa = PBXFileReference; lastKnownFileType = sourcecode.swift; path = BrowseCatalog.swift; sourceTree = "<group>"; };
		B0010052 /* BrowseView.swift */ = {isa = PBXFileReference; lastKnownFileType = sourcecode.swift; path = BrowseView.swift; sourceTree = "<group>"; };
		B0010053 /* CatalogCardDetailView.swift */ = {isa = PBXFileReference; lastKnownFileType = sourcecode.swift; path = CatalogCardDetailView.swift; sourceTree = "<group>"; };
		B0010072 /* PrivacyInfo.xcprivacy */ = {isa = PBXFileReference; lastKnownFileType = text.plist.xml; path = PrivacyInfo.xcprivacy; sourceTree = "<group>"; };
		B0010073 /* TradingCardScanner.entitlements */ = {isa = PBXFileReference; lastKnownFileType = text.plist.entitlements; path = TradingCardScanner.entitlements; sourceTree = "<group>"; };
		B0010074 /* AppleAccountCredentials.swift */ = {isa = PBXFileReference; lastKnownFileType = sourcecode.swift; path = AppleAccountCredentials.swift; sourceTree = "<group>"; };
/* End PBXFileReference section */

/* Begin PBXFrameworksBuildPhase section */
		C0010002 /* Frameworks */ = {
			isa = PBXFrameworksBuildPhase;
			buildActionMask = 2147483647;
			files = (
			);
			runOnlyForDeploymentPostprocessing = 0;
		};
		C0020002 /* Frameworks */ = {
			isa = PBXFrameworksBuildPhase;
			buildActionMask = 2147483647;
			files = (
				A0020004 /* XCTest.framework in Frameworks */,
			);
			runOnlyForDeploymentPostprocessing = 0;
		};
/* End PBXFrameworksBuildPhase section */

/* Begin PBXGroup section */
		004FE150303B8479000E0745 /* Recovered References */ = {
			isa = PBXGroup;
			children = (
				B0020002 /* XCTest.framework */,
			);
			name = "Recovered References";
			sourceTree = "<group>";
		};
		D0010000 = {
			isa = PBXGroup;
			children = (
				D0010001 /* TradingCardScanner */,
				D0020001 /* TradingCardScannerTests */,
				D0010009 /* Products */,
				004FE150303B8479000E0745 /* Recovered References */,
			);
			sourceTree = "<group>";
		};
		D0010001 /* TradingCardScanner */ = {
			isa = PBXGroup;
			children = (
				D0010002 /* App */,
				D0010003 /* Models */,
				D0010004 /* Services */,
				D0010005 /* Views */,
				B0010045 /* Assets.xcassets */,
				B0010072 /* PrivacyInfo.xcprivacy */,
				B0010073 /* TradingCardScanner.entitlements */,
				B0010015 /* Info.plist */,
			);
			path = TradingCardScanner;
			sourceTree = "<group>";
		};
		D0010002 /* App */ = {
			isa = PBXGroup;
			children = (
				B0010001 /* TradingCardScannerApp.swift */,
			);
			path = App;
			sourceTree = "<group>";
		};
		D0010003 /* Models */ = {
			isa = PBXGroup;
			children = (
				B0010070 /* CollectionActivity.swift */,
				B0010050 /* BrowseCatalogModels.swift */,
				B0010002 /* CollectedCard.swift */,
				B0010003 /* TCGdexCard.swift */,
				B0010020 /* CardVariant.swift */,
				B0010030 /* PriceRecord.swift */,
				B0010041 /* CardCenteringMeasurement.swift */,
							B0010055 /* ProductIdentity.swift */,
							B0010059 /* CollectionItemKind.swift */,
							B0010060 /* JustTCGMarketModels.swift */,
							B0010068 /* MagicContentKind.swift */,
							B0010069 /* MagicPhysicalObjects.swift */,
				B0010080 /* Money.swift */,
				B0010081 /* PriceObservation.swift */,
				B0010082 /* PriceCheckDay.swift */,
				B0010085 /* InventoryEvent.swift */,
				B001008A /* PortfolioDailyClose.swift */,
			);
			path = Models;
			sourceTree = "<group>";
		};
		D0010004 /* Services */ = {
			isa = PBXGroup;
			children = (
				B0010051 /* BrowseCatalog.swift */,
				B0010004 /* SetCodeMap.swift */,
				B0010005 /* ScanParser.swift */,
				B0010006 /* TCGdexService.swift */,
				B0010007 /* CardScanner.swift */,
				B0010016 /* CameraCapabilities.swift */,
				B0010021 /* VariantResolver.swift */,
				B0010022 /* CardCatalog.swift */,
				B0010023 /* CardLatch.swift */,
				B0010024 /* CollectionStore.swift */,
				B0010025 /* ScanFeedback.swift */,
				B0010031 /* PriceProvider.swift */,
				B0010032 /* PriceStore.swift */,
				B0010033 /* PriceRefreshController.swift */,
				B0010034 /* CollectionQuery.swift */,
				B0010040 /* MagicSetSnapshot.swift */,
				B0010042 /* CardCenteringAnalyzer.swift */,
				B0010046 /* CollectionCSV.swift */,
				B0010047 /* CollectionCatalogNormalizer.swift */,
				B0010048 /* CardCenteringExport.swift */,
							B0010054 /* PriceVendorCredentials.swift */,
				B0010074 /* AppleAccountCredentials.swift */,
							B0010056 /* ProductCatalogIdentity.swift */,
							B0010057 /* ProductPriceService.swift */,
							B0010058 /* ProductIdentityStore.swift */,
							B0010061 /* JustTCGTransport.swift */,
							B0010062 /* JustTCGSyncLedger.swift */,
							B0010063 /* JustTCGV1Client.swift */,
							B0010064 /* JustTCGV2GradedClient.swift */,
							B0010065 /* JustTCGRefreshCoordinator.swift */,
				B0010083 /* PortfolioCalendar.swift */,
				B0010084 /* PriceObservationLog.swift */,
				B0010086 /* InventoryLedger.swift */,
				B0010087 /* PortfolioEpoch.swift */,
				B0010088 /* PortfolioClose.swift */,
				B0010089 /* PortfolioEngine.swift */,
			);
			path = Services;
			sourceTree = "<group>";
		};
		D0010005 /* Views */ = {
			isa = PBXGroup;
			children = (
				B0010071 /* CollectionActivityLogView.swift */,
				B0010052 /* BrowseView.swift */,
				B0010053 /* CatalogCardDetailView.swift */,
				B0010008 /* CameraPreview.swift */,
				B0010009 /* ScannerViewModel.swift */,
				B0010010 /* ScannerView.swift */,
				B0010017 /* ScannerSettingsView.swift */,
				B0010012 /* CollectionView.swift */,
				B0010013 /* CollectionCardDetailView.swift */,
				B0010014 /* ContentView.swift */,
				B0010026 /* ScanSessionOverlays.swift */,
				B0010027 /* ScanReviewSheet.swift */,
				B0010035 /* CollectionFilters.swift */,
				B0010043 /* CardCenteringView.swift */,
				B0010044 /* CenteringCameraView.swift */,
							B0010066 /* SealedBrowseViews.swift */,
							B0010067 /* GradedVariantPickerView.swift */,
			);
			path = Views;
			sourceTree = "<group>";
		};
		D0010009 /* Products */ = {
			isa = PBXGroup;
			children = (
				B0010099 /* TradingCardScanner.app */,
				B0020099 /* TradingCardScannerTests.xctest */,
			);
			name = Products;
			sourceTree = "<group>";
		};
		D0020001 /* TradingCardScannerTests */ = {
			isa = PBXGroup;
			children = (
				B0020001 /* ScanParserTests.swift */,
				B00200F5 /* WholeCardHistoricalCaptureTests.swift */,
				B00200F4 /* HistoricalTitleCaptureTests.swift */,
				B00200F3 /* BoundedCacheTests.swift */,
				B00200F2 /* PortfolioNameCleaningTests.swift */,
				B00200F1 /* HistoricalCatalogRequestTests.swift */,
				B0020010 /* CardLatchTests.swift */,
				B0020011 /* VariantResolverTests.swift */,
				B0020012 /* CollectionKeyTests.swift */,
				B0020020 /* CollectionQueryTests.swift */,
				B0020041 /* PortfolioCloseTests.swift */,
				B0020040 /* PortfolioLedgerTests.swift */,
				B0020021 /* PricingTests.swift */,
				B0020032 /* ImportedItemKindTests.swift */,
				B0020031 /* MagicPhysicalObjectTests.swift */,
				B0020030 /* MagicContentKindTests.swift */,
				B0020029 /* CollectionItemKindTests.swift */,
				B0020028 /* JustTCGContractTests.swift */,
				B0020027 /* ProductFallbackTests.swift */,
				B0020026 /* ProductCatalogIdentityTests.swift */,
				B0020025 /* ProductIdentityTests.swift */,
				B0020022 /* CenteringExportTests.swift */,
				B0020023 /* CatalogNormalizationTests.swift */,
				B0020024 /* BrowseFeatureTests.swift */,
			);
			path = TradingCardScannerTests;
			sourceTree = "<group>";
		};
/* End PBXGroup section */

/* Begin PBXNativeTarget section */
		E0010001 /* TradingCardScanner */ = {
			isa = PBXNativeTarget;
			buildConfigurationList = F0010003 /* Build configuration list for PBXNativeTarget "TradingCardScanner" */;
			buildPhases = (
				C0010001 /* Sources */,
				C0010002 /* Frameworks */,
				C0010003 /* Resources */,
			);
			buildRules = (
			);
			dependencies = (
			);
			name = TradingCardScanner;
			productName = TradingCardScanner;
			productReference = B0010099 /* TradingCardScanner.app */;
			productType = "com.apple.product-type.application";
		};
		E0020001 /* TradingCardScannerTests */ = {
			isa = PBXNativeTarget;
			buildConfigurationList = F0020003 /* Build configuration list for PBXNativeTarget "TradingCardScannerTests" */;
			buildPhases = (
				C0020001 /* Sources */,
				C0020002 /* Frameworks */,
				C0020003 /* Resources */,
			);
			buildRules = (
			);
			dependencies = (
				H0020001 /* PBXTargetDependency */,
			);
			name = TradingCardScannerTests;
			productName = TradingCardScannerTests;
			productReference = B0020099 /* TradingCardScannerTests.xctest */;
			productType = "com.apple.product-type.bundle.unit-test";
		};
/* End PBXNativeTarget section */

/* Begin PBXProject section */
		E0010000 /* Project object */ = {
			isa = PBXProject;
			attributes = {
				BuildIndependentTargetsInParallel = 1;
				LastSwiftUpdateCheck = 2600;
				LastUpgradeCheck = 2600;
				TargetAttributes = {
					E0010001 = {
						CreatedOnToolsVersion = 26.0;
					};
					E0020001 = {
						CreatedOnToolsVersion = 26.0;
					};
				};
			};
			buildConfigurationList = F0010002 /* Build configuration list for PBXProject "TradingCardScanner" */;
			compatibilityVersion = "Xcode 14.0";
			developmentRegion = en;
			hasScannedForEncodings = 0;
			knownRegions = (
				en,
				Base,
			);
			mainGroup = D0010000;
			productRefGroup = D0010009 /* Products */;
			projectDirPath = "";
			projectRoot = "";
			targets = (
				E0010001 /* TradingCardScanner */,
				E0020001 /* TradingCardScannerTests */,
			);
		};
/* End PBXProject section */

/* Begin PBXResourcesBuildPhase section */
		C0010003 /* Resources */ = {
			isa = PBXResourcesBuildPhase;
			buildActionMask = 2147483647;
			files = (
				A0010045 /* Assets.xcassets in Resources */,
				A0010072 /* PrivacyInfo.xcprivacy in Resources */,
			);
			runOnlyForDeploymentPostprocessing = 0;
		};
		C0020003 /* Resources */ = {
			isa = PBXResourcesBuildPhase;
			buildActionMask = 2147483647;
			files = (
			);
			runOnlyForDeploymentPostprocessing = 0;
		};
/* End PBXResourcesBuildPhase section */

/* Begin PBXSourcesBuildPhase section */


		C0010001 /* Sources */ = {
			isa = PBXSourcesBuildPhase;
			buildActionMask = 2147483647;
			files = (
				A0010074 /* AppleAccountCredentials.swift in Sources */,
				A0010070 /* CollectionActivity.swift in Sources */,
				A0010071 /* CollectionActivityLogView.swift in Sources */,
				A0010069 /* MagicPhysicalObjects.swift in Sources */,
				A0010068 /* MagicContentKind.swift in Sources */,
				A0010067 /* GradedVariantPickerView.swift in Sources */,
				A0010066 /* SealedBrowseViews.swift in Sources */,
				A0010065 /* JustTCGRefreshCoordinator.swift in Sources */,
				A0010064 /* JustTCGV2GradedClient.swift in Sources */,
				A0010063 /* JustTCGV1Client.swift in Sources */,
				A0010062 /* JustTCGSyncLedger.swift in Sources */,
				A0010061 /* JustTCGTransport.swift in Sources */,
				A0010060 /* JustTCGMarketModels.swift in Sources */,
				A0010059 /* CollectionItemKind.swift in Sources */,
				A0010058 /* ProductIdentityStore.swift in Sources */,
				A0010057 /* ProductPriceService.swift in Sources */,
				A0010056 /* ProductCatalogIdentity.swift in Sources */,
				A0010055 /* ProductIdentity.swift in Sources */,
				A0010054 /* PriceVendorCredentials.swift in Sources */,
				A0010001 /* TradingCardScannerApp.swift in Sources */,
				A0010002 /* CollectedCard.swift in Sources */,
				A0010003 /* TCGdexCard.swift in Sources */,
				A0010004 /* SetCodeMap.swift in Sources */,
				A0010005 /* ScanParser.swift in Sources */,
				A0010006 /* TCGdexService.swift in Sources */,
				A0010007 /* CardScanner.swift in Sources */,
				A0010008 /* CameraPreview.swift in Sources */,
				A0010009 /* ScannerViewModel.swift in Sources */,
				A0010010 /* ScannerView.swift in Sources */,
				A0010012 /* CollectionView.swift in Sources */,
				A0010013 /* CollectionCardDetailView.swift in Sources */,
				A0010014 /* ContentView.swift in Sources */,
				A0010015 /* CameraCapabilities.swift in Sources */,
				A0010016 /* ScannerSettingsView.swift in Sources */,
				A0010020 /* CardVariant.swift in Sources */,
				A0010021 /* VariantResolver.swift in Sources */,
				A0010022 /* CardCatalog.swift in Sources */,
				A0010023 /* CardLatch.swift in Sources */,
				A0010024 /* CollectionStore.swift in Sources */,
				A0010025 /* ScanFeedback.swift in Sources */,
				A0010026 /* ScanSessionOverlays.swift in Sources */,
				A0010027 /* ScanReviewSheet.swift in Sources */,
				A0010030 /* PriceRecord.swift in Sources */,
				A0010031 /* PriceProvider.swift in Sources */,
				A0010032 /* PriceStore.swift in Sources */,
				A0010033 /* PriceRefreshController.swift in Sources */,
				A0010034 /* CollectionQuery.swift in Sources */,
				A0010087 /* PortfolioEpoch.swift in Sources */,
				A0010088 /* PortfolioClose.swift in Sources */,
				A0010089 /* PortfolioEngine.swift in Sources */,
				A001008A /* PortfolioDailyClose.swift in Sources */,
				A0010085 /* InventoryEvent.swift in Sources */,
				A0010086 /* InventoryLedger.swift in Sources */,
				A0010080 /* Money.swift in Sources */,
				A0010081 /* PriceObservation.swift in Sources */,
				A0010082 /* PriceCheckDay.swift in Sources */,
				A0010083 /* PortfolioCalendar.swift in Sources */,
				A0010084 /* PriceObservationLog.swift in Sources */,
				A0010040 /* MagicSetSnapshot.swift in Sources */,
				A0010035 /* CollectionFilters.swift in Sources */,
				A0010041 /* CardCenteringMeasurement.swift in Sources */,
				A0010042 /* CardCenteringAnalyzer.swift in Sources */,
				A0010043 /* CardCenteringView.swift in Sources */,
				A0010044 /* CenteringCameraView.swift in Sources */,
				A0010046 /* CollectionCSV.swift in Sources */,
				A0010047 /* CollectionCatalogNormalizer.swift in Sources */,
				A0010048 /* CardCenteringExport.swift in Sources */,
				A0010050 /* BrowseCatalogModels.swift in Sources */,
				A0010051 /* BrowseCatalog.swift in Sources */,
				A0010052 /* BrowseView.swift in Sources */,
				A0010053 /* CatalogCardDetailView.swift in Sources */,
			);
			runOnlyForDeploymentPostprocessing = 0;
		};
		C0020001 /* Sources */ = {
			isa = PBXSourcesBuildPhase;
			buildActionMask = 2147483647;
			files = (
				A0020001 /* ScanParserTests.swift in Sources */,
				A00200F5 /* WholeCardHistoricalCaptureTests.swift in Sources */,
				A00200F4 /* HistoricalTitleCaptureTests.swift in Sources */,
				A00200F3 /* BoundedCacheTests.swift in Sources */,
				A00200F2 /* PortfolioNameCleaningTests.swift in Sources */,
				A00200F1 /* HistoricalCatalogRequestTests.swift in Sources */,
				A0020010 /* CardLatchTests.swift in Sources */,
				A0020011 /* VariantResolverTests.swift in Sources */,
				A0020012 /* CollectionKeyTests.swift in Sources */,
				A0020020 /* CollectionQueryTests.swift in Sources */,
				A0020041 /* PortfolioCloseTests.swift in Sources */,
				A0020040 /* PortfolioLedgerTests.swift in Sources */,
				A0020021 /* PricingTests.swift in Sources */,
				A0020032 /* ImportedItemKindTests.swift in Sources */,
				A0020031 /* MagicPhysicalObjectTests.swift in Sources */,
				A0020030 /* MagicContentKindTests.swift in Sources */,
				A0020029 /* CollectionItemKindTests.swift in Sources */,
				A0020028 /* JustTCGContractTests.swift in Sources */,
				A0020027 /* ProductFallbackTests.swift in Sources */,
				A0020026 /* ProductCatalogIdentityTests.swift in Sources */,
				A0020025 /* ProductIdentityTests.swift in Sources */,
				A0020022 /* CenteringExportTests.swift in Sources */,
				A0020023 /* CatalogNormalizationTests.swift in Sources */,
				A0020024 /* BrowseFeatureTests.swift in Sources */,
			);
			runOnlyForDeploymentPostprocessing = 0;
		};
/* End PBXSourcesBuildPhase section */

/* Begin PBXTargetDependency section */
		H0020001 /* PBXTargetDependency */ = {
			isa = PBXTargetDependency;
			target = E0010001 /* TradingCardScanner */;
			targetProxy = G0020001 /* PBXContainerItemProxy */;
		};
/* End PBXTargetDependency section */

/* Begin XCBuildConfiguration section */
		F0010004 /* Debug */ = {
			isa = XCBuildConfiguration;
			buildSettings = {
				CLANG_ENABLE_MODULES = YES;
				DEBUG_INFORMATION_FORMAT = dwarf;
				ENABLE_TESTABILITY = YES;
				GCC_PREPROCESSOR_DEFINITIONS = (
					"DEBUG=1",
					"$(inherited)",
				);
				ONLY_ACTIVE_ARCH = YES;
				SWIFT_ACTIVE_COMPILATION_CONDITIONS = "DEBUG $(inherited)";
				SWIFT_OPTIMIZATION_LEVEL = "-Onone";
			};
			name = Debug;
		};
		F0010005 /* Release */ = {
			isa = XCBuildConfiguration;
			buildSettings = {
				CLANG_ENABLE_MODULES = YES;
				DEBUG_INFORMATION_FORMAT = "dwarf-with-dsym";
				SWIFT_COMPILATION_MODE = wholemodule;
				SWIFT_OPTIMIZATION_LEVEL = "-O";
			};
			name = Release;
		};
		F0010006 /* Debug */ = {
			isa = XCBuildConfiguration;
			buildSettings = {
				ASSETCATALOG_COMPILER_APPICON_NAME = AppIcon;
				CODE_SIGN_ENTITLEMENTS = TradingCardScanner/TradingCardScanner.entitlements;
				CODE_SIGN_STYLE = Automatic;
				CURRENT_PROJECT_VERSION = 1;
				DEVELOPMENT_ASSET_PATHS = "";
				DEVELOPMENT_TEAM = D4X943SP8Z;
				ENABLE_TESTABILITY = YES;
				GENERATE_INFOPLIST_FILE = NO;
				INFOPLIST_FILE = TradingCardScanner/Info.plist;
				IPHONEOS_DEPLOYMENT_TARGET = 17.0;
				LD_RUNPATH_SEARCH_PATHS = (
					"$(inherited)",
					"@executable_path/Frameworks",
				);
				MARKETING_VERSION = 1.0;
				PRODUCT_BUNDLE_IDENTIFIER = com.example.TradingCardScanner;
				PRODUCT_NAME = "$(TARGET_NAME)";
				SDKROOT = iphoneos;
				SWIFT_VERSION = 5.0;
				TARGETED_DEVICE_FAMILY = 1;
			};
			name = Debug;
		};
		F0010007 /* Release */ = {
			isa = XCBuildConfiguration;
			buildSettings = {
				ASSETCATALOG_COMPILER_APPICON_NAME = AppIcon;
				CODE_SIGN_ENTITLEMENTS = TradingCardScanner/TradingCardScanner.entitlements;
				CODE_SIGN_STYLE = Automatic;
				CURRENT_PROJECT_VERSION = 1;
				DEVELOPMENT_TEAM = D4X943SP8Z;
				GENERATE_INFOPLIST_FILE = NO;
				INFOPLIST_FILE = TradingCardScanner/Info.plist;
				IPHONEOS_DEPLOYMENT_TARGET = 17.0;
				LD_RUNPATH_SEARCH_PATHS = (
					"$(inherited)",
					"@executable_path/Frameworks",
				);
				MARKETING_VERSION = 1.0;
				PRODUCT_BUNDLE_IDENTIFIER = com.example.TradingCardScanner;
				PRODUCT_NAME = "$(TARGET_NAME)";
				SDKROOT = iphoneos;
				SWIFT_VERSION = 5.0;
				TARGETED_DEVICE_FAMILY = 1;
			};
			name = Release;
		};
		F0020006 /* Debug */ = {
			isa = XCBuildConfiguration;
			buildSettings = {
				BUNDLE_LOADER = "$(TEST_HOST)";
				CODE_SIGN_STYLE = Automatic;
				GENERATE_INFOPLIST_FILE = YES;
				IPHONEOS_DEPLOYMENT_TARGET = 17.0;
				LD_RUNPATH_SEARCH_PATHS = (
					"$(inherited)",
					"@executable_path/Frameworks",
					"@loader_path/Frameworks",
				);
				PRODUCT_BUNDLE_IDENTIFIER = com.example.TradingCardScannerTests;
				PRODUCT_NAME = "$(TARGET_NAME)";
				SDKROOT = iphoneos;
				SWIFT_VERSION = 5.0;
				TARGETED_DEVICE_FAMILY = 1;
				TEST_HOST = "$(BUILT_PRODUCTS_DIR)/TradingCardScanner.app/TradingCardScanner";
			};
			name = Debug;
		};
		F0020007 /* Release */ = {
			isa = XCBuildConfiguration;
			buildSettings = {
				BUNDLE_LOADER = "$(TEST_HOST)";
				CODE_SIGN_STYLE = Automatic;
				GENERATE_INFOPLIST_FILE = YES;
				IPHONEOS_DEPLOYMENT_TARGET = 17.0;
				LD_RUNPATH_SEARCH_PATHS = (
					"$(inherited)",
					"@executable_path/Frameworks",
					"@loader_path/Frameworks",
				);
				PRODUCT_BUNDLE_IDENTIFIER = com.example.TradingCardScannerTests;
				PRODUCT_NAME = "$(TARGET_NAME)";
				SDKROOT = iphoneos;
				SWIFT_VERSION = 5.0;
				TARGETED_DEVICE_FAMILY = 1;
				TEST_HOST = "$(BUILT_PRODUCTS_DIR)/TradingCardScanner.app/TradingCardScanner";
			};
			name = Release;
		};
/* End XCBuildConfiguration section */

/* Begin XCConfigurationList section */
		F0010002 /* Build configuration list for PBXProject "TradingCardScanner" */ = {
			isa = XCConfigurationList;
			buildConfigurations = (
				F0010004 /* Debug */,
				F0010005 /* Release */,
			);
			defaultConfigurationIsVisible = 0;
			defaultConfigurationName = Release;
		};
		F0010003 /* Build configuration list for PBXNativeTarget "TradingCardScanner" */ = {
			isa = XCConfigurationList;
			buildConfigurations = (
				F0010006 /* Debug */,
				F0010007 /* Release */,
			);
			defaultConfigurationIsVisible = 0;
			defaultConfigurationName = Release;
		};
		F0020003 /* Build configuration list for PBXNativeTarget "TradingCardScannerTests" */ = {
			isa = XCConfigurationList;
			buildConfigurations = (
				F0020006 /* Debug */,
				F0020007 /* Release */,
			);
			defaultConfigurationIsVisible = 0;
			defaultConfigurationName = Release;
		};
/* End XCConfigurationList section */
	};
	rootObject = E0010000 /* Project object */;
}
